{
    "name": "acryps-icons",
    "version": "1.0.1",
    "lockfileVersion": 2,
    "requires": true,
    "packages": {
        "": {
            "name": "acryps-icons",
            "version": "1.0.1",
            "dependencies": {
                "svg2ttf": "^6.0.3"
            }
        },
        "node_modules/@xmldom/xmldom": {
            "version": "0.7.5",
            "resolved": "https://registry.npmjs.org/@xmldom/xmldom/-/xmldom-0.7.5.tgz",
            "integrity": "sha512-V3BIhmY36fXZ1OtVcI9W+FxQqxVLsPKcNjWigIaa81dLC9IolJl5Mt4Cvhmr0flUnjSpTdrbMTSbXqYqV5dT6A==",
            "engines": {
                "node": ">=10.0.0"
            }
        },
        "node_modules/argparse": {
            "version": "2.0.1",
            "resolved": "https://registry.npmjs.org/argparse/-/argparse-2.0.1.tgz",
            "integrity": "sha512-8+9WqebbFzpX9OR+Wa6O29asIogeRMzcGtAINdpMHHyAg10f05aSFVBbcEqGf/PXw1EjAZ+q2/bEBg3DvurK3Q=="
        },
        "node_modules/cubic2quad": {
            "version": "1.2.1",
            "resolved": "https://registry.npmjs.org/cubic2quad/-/cubic2quad-1.2.1.tgz",
            "integrity": "sha512-wT5Y7mO8abrV16gnssKdmIhIbA9wSkeMzhh27jAguKrV82i24wER0vL5TGhUJ9dbJNDcigoRZ0IAHFEEEI4THQ=="
        },
        "node_modules/lodash": {
            "version": "4.17.21",
            "resolved": "https://registry.npmjs.org/lodash/-/lodash-4.17.21.tgz",
            "integrity": "sha512-v2kDEe57lecTulaDIuNTPy3Ry4gLGJ6Z1O3vE1krgXZNrsQ+LFTGHVxVjcXPs17LhbZVGedAJv8XZ1tvj5FvSg=="
        },
        "node_modules/microbuffer": {
            "version": "1.0.0",
            "resolved": "https://registry.npmjs.org/microbuffer/-/microbuffer-1.0.0.tgz",
            "integrity": "sha1-izgy7UDIfVH0e7I0kTppinVtGdI="
        },
        "node_modules/svg2ttf": {
            "version": "6.0.3",
            "resolved": "https://registry.npmjs.org/svg2ttf/-/svg2ttf-6.0.3.tgz",
            "integrity": "sha512-CgqMyZrbOPpc+WqH7aga4JWkDPso23EgypLsbQ6gN3uoPWwwiLjXvzgrwGADBExvCRJrWFzAeK1bSoSpE7ixSQ==",
            "dependencies": {
                "@xmldom/xmldom": "^0.7.2",
                "argparse": "^2.0.1",
                "cubic2quad": "^1.2.1",
                "lodash": "^4.17.10",
                "microbuffer": "^1.0.0",
                "svgpath": "^2.1.5"
            },
            "bin": {
                "svg2ttf": "svg2ttf.js"
            }
        },
        "node_modules/svgpath": {
            "version": "2.5.0",
            "resolved": "https://registry.npmjs.org/svgpath/-/svgpath-2.5.0.tgz",
            "integrity": "sha512-o/vohwqjUO9nDAh4rcjE3KaW/v//At8UJu2LJMybXidf5QLQLVA4bxH0//4YCsr+1H4Gw1Wi/Jc62ynzSBYidw=="
        }
    },
    "dependencies": {
        "@xmldom/xmldom": {
            "version": "0.7.5",
            "resolved": "https://registry.npmjs.org/@xmldom/xmldom/-/xmldom-0.7.5.tgz",
            "integrity": "sha512-V3BIhmY36fXZ1OtVcI9W+FxQqxVLsPKcNjWigIaa81dLC9IolJl5Mt4Cvhmr0flUnjSpTdrbMTSbXqYqV5dT6A=="
        },
        "argparse": {
            "version": "2.0.1",
            "resolved": "https://registry.npmjs.org/argparse/-/argparse-2.0.1.tgz",
            "integrity": "sha512-8+9WqebbFzpX9OR+Wa6O29asIogeRMzcGtAINdpMHHyAg10f05aSFVBbcEqGf/PXw1EjAZ+q2/bEBg3DvurK3Q=="
        },
        "cubic2quad": {
            "version": "1.2.1",
            "resolved": "https://registry.npmjs.org/cubic2quad/-/cubic2quad-1.2.1.tgz",
            "integrity": "sha512-wT5Y7mO8abrV16gnssKdmIhIbA9wSkeMzhh27jAguKrV82i24wER0vL5TGhUJ9dbJNDcigoRZ0IAHFEEEI4THQ=="
        },
        "lodash": {
            "version": "4.17.21",
            "resolved": "https://registry.npmjs.org/lodash/-/lodash-4.17.21.tgz",
            "integrity": "sha512-v2kDEe57lecTulaDIuNTPy3Ry4gLGJ6Z1O3vE1krgXZNrsQ+LFTGHVxVjcXPs17LhbZVGedAJv8XZ1tvj5FvSg=="
        },
        "microbuffer": {
            "version": "1.0.0",
            "resolved": "https://registry.npmjs.org/microbuffer/-/microbuffer-1.0.0.tgz",
            "integrity": "sha1-izgy7UDIfVH0e7I0kTppinVtGdI="
        },
        "svg2ttf": {
            "version": "6.0.3",
            "resolved": "https://registry.npmjs.org/svg2ttf/-/svg2ttf-6.0.3.tgz",
            "integrity": "sha512-CgqMyZrbOPpc+WqH7aga4JWkDPso23EgypLsbQ6gN3uoPWwwiLjXvzgrwGADBExvCRJrWFzAeK1bSoSpE7ixSQ==",
            "requires": {
                "@xmldom/xmldom": "^0.7.2",
                "argparse": "^2.0.1",
                "cubic2quad": "^1.2.1",
                "lodash": "^4.17.10",
                "microbuffer": "^1.0.0",
                "svgpath": "^2.1.5"
            }
        },
        "svgpath": {
            "version": "2.5.0",
            "resolved": "https://registry.npmjs.org/svgpath/-/svgpath-2.5.0.tgz",
            "integrity": "sha512-o/vohwqjUO9nDAh4rcjE3KaW/v//At8UJu2LJMybXidf5QLQLVA4bxH0//4YCsr+1H4Gw1Wi/Jc62ynzSBYidw=="
        }
    }
}
